// !$*UTF8*$!
{
	archiveVersion = 1;
	classes = {
	};
	objectVersion = 46;
	objects = {

/* Begin PBXBuildFile section */
		4BA57B90E48A4B048E49377F /* libPods.a in Frameworks */ = {isa = PBXBuildFile; fileRef = DC44290BCD364A759D887206 /* libPods.a */; };
		D082127E18B945C2003660E6 /* Foundation.framework in Frameworks */ = {isa = PBXBuildFile; fileRef = D082127D18B945C2003660E6 /* Foundation.framework */; };
		D082128018B945C2003660E6 /* CoreGraphics.framework in Frameworks */ = {isa = PBXBuildFile; fileRef = D082127F18B945C2003660E6 /* CoreGraphics.framework */; };
		D082128218B945C2003660E6 /* UIKit.framework in Frameworks */ = {isa = PBXBuildFile; fileRef = D082128118B945C2003660E6 /* UIKit.framework */; };
		D082128818B945C2003660E6 /* InfoPlist.strings in Resources */ = {isa = PBXBuildFile; fileRef = D082128618B945C2003660E6 /* InfoPlist.strings */; };
		D082128A18B945C2003660E6 /* main.m in Sources */ = {isa = PBXBuildFile; fileRef = D082128918B945C2003660E6 /* main.m */; };
		D082128E18B945C2003660E6 /* EPSAppDelegate.m in Sources */ = {isa = PBXBuildFile; fileRef = D082128D18B945C2003660E6 /* EPSAppDelegate.m */; };
		D082129018B945C2003660E6 /* Images.xcassets in Resources */ = {isa = PBXBuildFile; fileRef = D082128F18B945C2003660E6 /* Images.xcassets */; };
		D08212B018B94620003660E6 /* EPSExampleViewController.m in Sources */ = {isa = PBXBuildFile; fileRef = D08212AD18B94620003660E6 /* EPSExampleViewController.m */; };
		D08212B118B94620003660E6 /* EPSExampleViewModel.m in Sources */ = {isa = PBXBuildFile; fileRef = D08212AF18B94620003660E6 /* EPSExampleViewModel.m */; };
		D0844FA118C1268400A51DEB /* EPSNote.m in Sources */ = {isa = PBXBuildFile; fileRef = D0844FA018C1268400A51DEB /* EPSNote.m */; };
		D0844FA418C1278700A51DEB /* EPSNoteCell.m in Sources */ = {isa = PBXBuildFile; fileRef = D0844FA318C1278700A51DEB /* EPSNoteCell.m */; };
/* End PBXBuildFile section */

/* Begin PBXFileReference section */
		B7A65E7B8F894EB79E74F2EF /* Pods.xcconfig */ = {isa = PBXFileReference; includeInIndex = 1; lastKnownFileType = text.xcconfig; name = Pods.xcconfig; path = Pods/Pods.xcconfig; sourceTree = "<group>"; };
		D082127A18B945C2003660E6 /* ReactiveTableViewControllerExample.app */ = {isa = PBXFileReference; explicitFileType = wrapper.application; includeInIndex = 0; path = ReactiveTableViewControllerExample.app; sourceTree = BUILT_PRODUCTS_DIR; };
		D082127D18B945C2003660E6 /* Foundation.framework */ = {isa = PBXFileReference; lastKnownFileType = wrapper.framework; name = Foundation.framework; path = System/Library/Frameworks/Foundation.framework; sourceTree = SDKROOT; };
		D082127F18B945C2003660E6 /* CoreGraphics.framework */ = {isa = PBXFileReference; lastKnownFileType = wrapper.framework; name = CoreGraphics.framework; path = System/Library/Frameworks/CoreGraphics.framework; sourceTree = SDKROOT; };
		D082128118B945C2003660E6 /* UIKit.framework */ = {isa = PBXFileReference; lastKnownFileType = wrapper.framework; name = UIKit.framework; path = System/Library/Frameworks/UIKit.framework; sourceTree = SDKROOT; };
		D082128518B945C2003660E6 /* ReactiveTableViewControllerExample-Info.plist */ = {isa = PBXFileReference; lastKnownFileType = text.plist.xml; path = "ReactiveTableViewControllerExample-Info.plist"; sourceTree = "<group>"; };
		D082128718B945C2003660E6 /* en */ = {isa = PBXFileReference; lastKnownFileType = text.plist.strings; name = en; path = en.lproj/InfoPlist.strings; sourceTree = "<group>"; };
		D082128918B945C2003660E6 /* main.m */ = {isa = PBXFileReference; lastKnownFileType = sourcecode.c.objc; path = main.m; sourceTree = "<group>"; };
		D082128B18B945C2003660E6 /* ReactiveTableViewControllerExample-Prefix.pch */ = {isa = PBXFileReference; lastKnownFileType = sourcecode.c.h; path = "ReactiveTableViewControllerExample-Prefix.pch"; sourceTree = "<group>"; };
		D082128C18B945C2003660E6 /* EPSAppDelegate.h */ = {isa = PBXFileReference; lastKnownFileType = sourcecode.c.h; path = EPSAppDelegate.h; sourceTree = "<group>"; };
		D082128D18B945C2003660E6 /* EPSAppDelegate.m */ = {isa = PBXFileReference; lastKnownFileType = sourcecode.c.objc; path = EPSAppDelegate.m; sourceTree = "<group>"; };
		D082128F18B945C2003660E6 /* Images.xcassets */ = {isa = PBXFileReference; lastKnownFileType = folder.assetcatalog; path = Images.xcassets; sourceTree = "<group>"; };
		D082129618B945C2003660E6 /* XCTest.framework */ = {isa = PBXFileReference; lastKnownFileType = wrapper.framework; name = XCTest.framework; path = Library/Frameworks/XCTest.framework; sourceTree = DEVELOPER_DIR; };
		D08212AC18B94620003660E6 /* EPSExampleViewController.h */ = {isa = PBXFileReference; fileEncoding = 4; lastKnownFileType = sourcecode.c.h; path = EPSExampleViewController.h; sourceTree = "<group>"; };
		D08212AD18B94620003660E6 /* EPSExampleViewController.m */ = {isa = PBXFileReference; fileEncoding = 4; lastKnownFileType = sourcecode.c.objc; path = EPSExampleViewController.m; sourceTree = "<group>"; };
		D08212AE18B94620003660E6 /* EPSExampleViewModel.h */ = {isa = PBXFileReference; fileEncoding = 4; lastKnownFileType = sourcecode.c.h; path = EPSExampleViewModel.h; sourceTree = "<group>"; };
		D08212AF18B94620003660E6 /* EPSExampleViewModel.m */ = {isa = PBXFileReference; fileEncoding = 4; lastKnownFileType = sourcecode.c.objc; path = EPSExampleViewModel.m; sourceTree = "<group>"; };
		D0844F9F18C1268400A51DEB /* EPSNote.h */ = {isa = PBXFileReference; fileEncoding = 4; lastKnownFileType = sourcecode.c.h; path = EPSNote.h; sourceTree = "<group>"; };
		D0844FA018C1268400A51DEB /* EPSNote.m */ = {isa = PBXFileReference; fileEncoding = 4; lastKnownFileType = sourcecode.c.objc; path = EPSNote.m; sourceTree = "<group>"; };
		D0844FA218C1278700A51DEB /* EPSNoteCell.h */ = {isa = PBXFileReference; fileEncoding = 4; lastKnownFileType = sourcecode.c.h; path = EPSNoteCell.h; sourceTree = "<group>"; };
		D0844FA318C1278700A51DEB /* EPSNoteCell.m */ = {isa = PBXFileReference; fileEncoding = 4; lastKnownFileType = sourcecode.c.objc; path = EPSNoteCell.m; sourceTree = "<group>"; };
		DC44290BCD364A759D887206 /* libPods.a */ = {isa = PBXFileReference; explicitFileType = archive.ar; includeInIndex = 0; path = libPods.a; sourceTree = BUILT_PRODUCTS_DIR; };
/* End PBXFileReference section */

/* Begin PBXFrameworksBuildPhase section */
		D082127718B945C2003660E6 /* Frameworks */ = {
			isa = PBXFrameworksBuildPhase;
			buildActionMask = 2147483647;
			files = (
				D082128018B945C2003660E6 /* CoreGraphics.framework in Frameworks */,
				D082128218B945C2003660E6 /* UIKit.framework in Frameworks */,
				D082127E18B945C2003660E6 /* Foundation.framework in Frameworks */,
				4BA57B90E48A4B048E49377F /* libPods.a in Frameworks */,
			);
			runOnlyForDeploymentPostprocessing = 0;
		};
/* End PBXFrameworksBuildPhase section */

/* Begin PBXGroup section */
		D082127118B945C2003660E6 = {
			isa = PBXGroup;
			children = (
				D082128318B945C2003660E6 /* ReactiveTableViewControllerExample */,
				D082127C18B945C2003660E6 /* Frameworks */,
				D082127B18B945C2003660E6 /* Products */,
				B7A65E7B8F894EB79E74F2EF /* Pods.xcconfig */,
			);
			sourceTree = "<group>";
		};
		D082127B18B945C2003660E6 /* Products */ = {
			isa = PBXGroup;
			children = (
				D082127A18B945C2003660E6 /* ReactiveTableViewControllerExample.app */,
			);
			name = Products;
			sourceTree = "<group>";
		};
		D082127C18B945C2003660E6 /* Frameworks */ = {
			isa = PBXGroup;
			children = (
				D082127D18B945C2003660E6 /* Foundation.framework */,
				D082127F18B945C2003660E6 /* CoreGraphics.framework */,
				D082128118B945C2003660E6 /* UIKit.framework */,
				D082129618B945C2003660E6 /* XCTest.framework */,
				DC44290BCD364A759D887206 /* libPods.a */,
			);
			name = Frameworks;
			sourceTree = "<group>";
		};
		D082128318B945C2003660E6 /* ReactiveTableViewControllerExample */ = {
			isa = PBXGroup;
			children = (
				D082128C18B945C2003660E6 /* EPSAppDelegate.h */,
				D082128D18B945C2003660E6 /* EPSAppDelegate.m */,
				D08212B218B94664003660E6 /* Example View Controller */,
				D082128F18B945C2003660E6 /* Images.xcassets */,
				D082128418B945C2003660E6 /* Supporting Files */,
			);
			path = ReactiveTableViewControllerExample;
			sourceTree = "<group>";
		};
		D082128418B945C2003660E6 /* Supporting Files */ = {
			isa = PBXGroup;
			children = (
				D082128518B945C2003660E6 /* ReactiveTableViewControllerExample-Info.plist */,
				D082128618B945C2003660E6 /* InfoPlist.strings */,
				D082128918B945C2003660E6 /* main.m */,
				D082128B18B945C2003660E6 /* ReactiveTableViewControllerExample-Prefix.pch */,
			);
			name = "Supporting Files";
			sourceTree = "<group>";
		};
		D08212B218B94664003660E6 /* Example View Controller */ = {
			isa = PBXGroup;
			children = (
				D08212AC18B94620003660E6 /* EPSExampleViewController.h */,
				D08212AD18B94620003660E6 /* EPSExampleViewController.m */,
				D08212AE18B94620003660E6 /* EPSExampleViewModel.h */,
				D08212AF18B94620003660E6 /* EPSExampleViewModel.m */,
				D0844F9F18C1268400A51DEB /* EPSNote.h */,
				D0844FA018C1268400A51DEB /* EPSNote.m */,
				D0844FA218C1278700A51DEB /* EPSNoteCell.h */,
				D0844FA318C1278700A51DEB /* EPSNoteCell.m */,
			);
			name = "Example View Controller";
			sourceTree = "<group>";
		};
/* End PBXGroup section */

/* Begin PBXNativeTarget section */
		D082127918B945C2003660E6 /* ReactiveTableViewControllerExample */ = {
			isa = PBXNativeTarget;
			buildConfigurationList = D08212A618B945C2003660E6 /* Build configuration list for PBXNativeTarget "ReactiveTableViewControllerExample" */;
			buildPhases = (
				0F9A3F3072814273922AB447 /* Check Pods Manifest.lock */,
				D082127618B945C2003660E6 /* Sources */,
				D082127718B945C2003660E6 /* Frameworks */,
				D082127818B945C2003660E6 /* Resources */,
				A81DA5A230054B06978ECBA1 /* Copy Pods Resources */,
			);
			buildRules = (
			);
			dependencies = (
			);
			name = ReactiveTableViewControllerExample;
			productName = ReactiveTableViewControllerExample;
			productReference = D082127A18B945C2003660E6 /* ReactiveTableViewControllerExample.app */;
			productType = "com.apple.product-type.application";
		};
/* End PBXNativeTarget section */

/* Begin PBXProject section */
		D082127218B945C2003660E6 /* Project object */ = {
			isa = PBXProject;
			attributes = {
				CLASSPREFIX = EPS;
				LastUpgradeCheck = 0500;
				ORGANIZATIONNAME = "Electric Peel, LLC";
			};
			buildConfigurationList = D082127518B945C2003660E6 /* Build configuration list for PBXProject "ReactiveTableViewControllerExample" */;
			compatibilityVersion = "Xcode 3.2";
			developmentRegion = English;
			hasScannedForEncodings = 0;
			knownRegions = (
				en,
			);
			mainGroup = D082127118B945C2003660E6;
			productRefGroup = D082127B18B945C2003660E6 /* Products */;
			projectDirPath = "";
			projectRoot = "";
			targets = (
				D082127918B945C2003660E6 /* ReactiveTableViewControllerExample */,
			);
		};
/* End PBXProject section */

/* Begin PBXResourcesBuildPhase section */
		D082127818B945C2003660E6 /* Resources */ = {
			isa = PBXResourcesBuildPhase;
			buildActionMask = 2147483647;
			files = (
				D082128818B945C2003660E6 /* InfoPlist.strings in Resources */,
				D082129018B945C2003660E6 /* Images.xcassets in Resources */,
			);
			runOnlyForDeploymentPostprocessing = 0;
		};
/* End PBXResourcesBuildPhase section */

/* Begin PBXShellScriptBuildPhase section */
		0F9A3F3072814273922AB447 /* Check Pods Manifest.lock */ = {
			isa = PBXShellScriptBuildPhase;
			buildActionMask = 2147483647;
			files = (
			);
			inputPaths = (
			);
			name = "Check Pods Manifest.lock";
			outputPaths = (
			);
			runOnlyForDeploymentPostprocessing = 0;
			shellPath = /bin/sh;
			shellScript = "diff \"${PODS_ROOT}/../Podfile.lock\" \"${PODS_ROOT}/Manifest.lock\" > /dev/null\nif [[ $? != 0 ]] ; then\n    cat << EOM\nerror: The sandbox is not in sync with the Podfile.lock. Run 'pod install' or update your CocoaPods installation.\nEOM\n    exit 1\nfi\n";
			showEnvVarsInLog = 0;
		};
		A81DA5A230054B06978ECBA1 /* Copy Pods Resources */ = {
			isa = PBXShellScriptBuildPhase;
			buildActionMask = 2147483647;
			files = (
			);
			inputPaths = (
			);
			name = "Copy Pods Resources";
			outputPaths = (
			);
			runOnlyForDeploymentPostprocessing = 0;
			shellPath = /bin/sh;
			shellScript = "\"${SRCROOT}/Pods/Pods-resources.sh\"\n";
			showEnvVarsInLog = 0;
		};
/* End PBXShellScriptBuildPhase section */

/* Begin PBXSourcesBuildPhase section */
		D082127618B945C2003660E6 /* Sources */ = {
			isa = PBXSourcesBuildPhase;
			buildActionMask = 2147483647;
			files = (
				D0844FA418C1278700A51DEB /* EPSNoteCell.m in Sources */,
				D08212B118B94620003660E6 /* EPSExampleViewModel.m in Sources */,
				D082128A18B945C2003660E6 /* main.m in Sources */,
				D0844FA118C1268400A51DEB /* EPSNote.m in Sources */,
				D08212B018B94620003660E6 /* EPSExampleViewController.m in Sources */,
				D082128E18B945C2003660E6 /* EPSAppDelegate.m in Sources */,
			);
			runOnlyForDeploymentPostprocessing = 0;
		};
/* End PBXSourcesBuildPhase section */

/* Begin PBXVariantGroup section */
		D082128618B945C2003660E6 /* InfoPlist.strings */ = {
			isa = PBXVariantGroup;
			children = (
				D082128718B945C2003660E6 /* en */,
			);
			name = InfoPlist.strings;
			sourceTree = "<group>";
		};
/* End PBXVariantGroup section */

/* Begin XCBuildConfiguration section */
		D08212A418B945C2003660E6 /* Debug */ = {
			isa = XCBuildConfiguration;
			buildSettings = {
				ALWAYS_SEARCH_USER_PATHS = NO;
				ARCHS = "$(ARCHS_STANDARD_INCLUDING_64_BIT)";
				CLANG_CXX_LANGUAGE_STANDARD = "gnu++0x";
				CLANG_CXX_LIBRARY = "libc++";
				CLANG_ENABLE_MODULES = YES;
				CLANG_ENABLE_OBJC_ARC = YES;
				CLANG_WARN_BOOL_CONVERSION = YES;
				CLANG_WARN_CONSTANT_CONVERSION = YES;
				CLANG_WARN_DIRECT_OBJC_ISA_USAGE = YES_ERROR;
				CLANG_WARN_EMPTY_BODY = YES;
				CLANG_WARN_ENUM_CONVERSION = YES;
				CLANG_WARN_INT_CONVERSION = YES;
				CLANG_WARN_OBJC_ROOT_CLASS = YES_ERROR;
				CLANG_WARN__DUPLICATE_METHOD_MATCH = YES;
				"CODE_SIGN_IDENTITY[sdk=iphoneos*]" = "iPhone Developer";
				COPY_PHASE_STRIP = NO;
				GCC_C_LANGUAGE_STANDARD = gnu99;
				GCC_DYNAMIC_NO_PIC = NO;
				GCC_OPTIMIZATION_LEVEL = 0;
				GCC_PREPROCESSOR_DEFINITIONS = (
					"DEBUG=1",
					"$(inherited)",
				);
				GCC_SYMBOLS_PRIVATE_EXTERN = NO;
				GCC_WARN_64_TO_32_BIT_CONVERSION = YES;
				GCC_WARN_ABOUT_RETURN_TYPE = YES_ERROR;
				GCC_WARN_UNDECLARED_SELECTOR = YES;
				GCC_WARN_UNINITIALIZED_AUTOS = YES;
				GCC_WARN_UNUSED_FUNCTION = YES;
				GCC_WARN_UNUSED_VARIABLE = YES;
				IPHONEOS_DEPLOYMENT_TARGET = 7.0;
				ONLY_ACTIVE_ARCH = YES;
				SDKROOT = iphoneos;
			};
			name = Debug;
		};
		D08212A518B945C2003660E6 /* Release */ = {
			isa = XCBuildConfiguration;
			buildSettings = {
				ALWAYS_SEARCH_USER_PATHS = NO;
				ARCHS = "$(ARCHS_STANDARD_INCLUDING_64_BIT)";
				CLANG_CXX_LANGUAGE_STANDARD = "gnu++0x";
				CLANG_CXX_LIBRARY = "libc++";
				CLANG_ENABLE_MODULES = YES;
				CLANG_ENABLE_OBJC_ARC = YES;
				CLANG_WARN_BOOL_CONVERSION = YES;
				CLANG_WARN_CONSTANT_CONVERSION = YES;
				CLANG_WARN_DIRECT_OBJC_ISA_USAGE = YES_ERROR;
				CLANG_WARN_EMPTY_BODY = YES;
				CLANG_WARN_ENUM_CONVERSION = YES;
				CLANG_WARN_INT_CONVERSION = YES;
				CLANG_WARN_OBJC_ROOT_CLASS = YES_ERROR;
				CLANG_WARN__DUPLICATE_METHOD_MATCH = YES;
				"CODE_SIGN_IDENTITY[sdk=iphoneos*]" = "iPhone Developer";
				COPY_PHASE_STRIP = YES;
				ENABLE_NS_ASSERTIONS = NO;
				GCC_C_LANGUAGE_STANDARD = gnu99;
				GCC_WARN_64_TO_32_BIT_CONVERSION = YES;
				GCC_WARN_ABOUT_RETURN_TYPE = YES_ERROR;
				GCC_WARN_UNDECLARED_SELECTOR = YES;
				GCC_WARN_UNINITIALIZED_AUTOS = YES;
				GCC_WARN_UNUSED_FUNCTION = YES;
				GCC_WARN_UNUSED_VARIABLE = YES;
				IPHONEOS_DEPLOYMENT_TARGET = 7.0;
				SDKROOT = iphoneos;
				VALIDATE_PRODUCT = YES;
			};
			name = Release;
		};
		D08212A718B945C2003660E6 /* Debug */ = {
			isa = XCBuildConfiguration;
			baseConfigurationReference = B7A65E7B8F894EB79E74F2EF /* Pods.xcconfig */;
			buildSettings = {
				ASSETCATALOG_COMPILER_APPICON_NAME = AppIcon;
				ASSETCATALOG_COMPILER_LAUNCHIMAGE_NAME = LaunchImage;
				GCC_PRECOMPILE_PREFIX_HEADER = YES;
				GCC_PREFIX_HEADER = "ReactiveTableViewControllerExample/ReactiveTableViewControllerExample-Prefix.pch";
				INFOPLIST_FILE = "ReactiveTableViewControllerExample/ReactiveTableViewControllerExample-Info.plist";
				PRODUCT_NAME = "$(TARGET_NAME)";
				WRAPPER_EXTENSION = app;
			};
			name = Debug;
		};
		D08212A818B945C2003660E6 /* Release */ = {
			isa = XCBuildConfiguration;
			baseConfigurationReference = B7A65E7B8F894EB79E74F2EF /* Pods.xcconfig */;
			buildSettings = {
				ASSETCATALOG_COMPILER_APPICON_NAME = AppIcon;
				ASSETCATALOG_COMPILER_LAUNCHIMAGE_NAME = LaunchImage;
				GCC_PRECOMPILE_PREFIX_HEADER = YES;
				GCC_PREFIX_HEADER = "ReactiveTableViewControllerExample/ReactiveTableViewControllerExample-Prefix.pch";
				INFOPLIST_FILE = "ReactiveTableViewControllerExample/ReactiveTableViewControllerExample-Info.plist";
				PRODUCT_NAME = "$(TARGET_NAME)";
				WRAPPER_EXTENSION = app;
			};
			name = Release;
		};
/* End XCBuildConfiguration section */

/* Begin XCConfigurationList section */
		D082127518B945C2003660E6 /* Build configuration list for PBXProject "ReactiveTableViewControllerExample" */ = {
			isa = XCConfigurationList;
			buildConfigurations = (
				D08212A418B945C2003660E6 /* Debug */,
				D08212A518B945C2003660E6 /* Release */,
			);
			defaultConfigurationIsVisible = 0;
			defaultConfigurationName = Release;
		};
		D08212A618B945C2003660E6 /* Build configuration list for PBXNativeTarget "ReactiveTableViewControllerExample" */ = {
			isa = XCConfigurationList;
			buildConfigurations = (
				D08212A718B945C2003660E6 /* Debug */,
				D08212A818B945C2003660E6 /* Release */,
			);
			defaultConfigurationIsVisible = 0;
			defaultConfigurationName = Release;
		};
/* End XCConfigurationList section */
	};
	rootObject = D082127218B945C2003660E6 /* Project object */;
}
